
Microsoft Visual Studio Solution File, Format Version 12.00
# Visual Studio Version 17
VisualStudioVersion = 17.8.34511.84
MinimumVisualStudioVersion = 10.0.40219.1
Project("{9A19103F-16F7-4668-BE54-9A1E7A4F7556}") = "MarketPlace", "MarketPlace\MarketPlace.csproj", "{0F84DA3F-E43D-4E3D-8CF6-812D359D37E5}"
EndProject
Project("{9A19103F-16F7-4668-BE54-9A1E7A4F7556}") = "MarketPlace.Domain", "MarketPlace.Domain\MarketPlace.Domain.csproj", "{698C87C1-CCE6-4A47-BFAF-3EC807457F3A}"
EndProject
Project("{9A19103F-16F7-4668-BE54-9A1E7A4F7556}") = "MarketPlace.Framework", "MarketPlace.Framework\MarketPlace.Framework.csproj", "{C5F342E9-47A3-4838-A237-1298FF3C9E64}"
EndProject
Project("{FAE04EC0-301F-11D3-BF4B-00C04F79EFBC}") = "MarketPlace.Tests", "MarketPlace.Tests\MarketPlace.Tests\MarketPlace.Tests.csproj", "{98755C32-B9D0-45CF-8DA8-61BB7F612180}"
EndProject
Global
	GlobalSection(SolutionConfigurationPlatforms) = preSolution
		Debug|Any CPU = Debug|Any CPU
		Release|Any CPU = Release|Any CPU
	EndGlobalSection
	GlobalSection(ProjectConfigurationPlatforms) = postSolution
		{0F84DA3F-E43D-4E3D-8CF6-812D359D37E5}.Debug|Any CPU.ActiveCfg = Debug|Any CPU
		{0F84DA3F-E43D-4E3D-8CF6-812D359D37E5}.Debug|Any CPU.Build.0 = Debug|Any CPU
		{0F84DA3F-E43D-4E3D-8CF6-812D359D37E5}.Release|Any CPU.ActiveCfg = Release|Any CPU
		{0F84DA3F-E43D-4E3D-8CF6-812D359D37E5}.Release|Any CPU.Build.0 = Release|Any CPU
		{698C87C1-CCE6-4A47-BFAF-3EC807457F3A}.Debug|Any CPU.ActiveCfg = Debug|Any CPU
		{698C87C1-CCE6-4A47-BFAF-3EC807457F3A}.Debug|Any CPU.Build.0 = Debug|Any CPU
		{698C87C1-CCE6-4A47-BFAF-3EC807457F3A}.Release|Any CPU.ActiveCfg = Release|Any CPU
		{698C87C1-CCE6-4A47-BFAF-3EC807457F3A}.Release|Any CPU.Build.0 = Release|Any CPU
		{C5F342E9-47A3-4838-A237-1298FF3C9E64}.Debug|Any CPU.ActiveCfg = Debug|Any CPU
		{C5F342E9-47A3-4838-A237-1298FF3C9E64}.Debug|Any CPU.Build.0 = Debug|Any CPU
		{C5F342E9-47A3-4838-A237-1298FF3C9E64}.Release|Any CPU.ActiveCfg = Release|Any CPU
		{C5F342E9-47A3-4838-A237-1298FF3C9E64}.Release|Any CPU.Build.0 = Release|Any CPU
		{98755C32-B9D0-45CF-8DA8-61BB7F612180}.Debug|Any CPU.ActiveCfg = Debug|Any CPU
		{98755C32-B9D0-45CF-8DA8-61BB7F612180}.Debug|Any CPU.Build.0 = Debug|Any CPU
		{98755C32-B9D0-45CF-8DA8-61BB7F612180}.Release|Any CPU.ActiveCfg = Release|Any CPU
		{98755C32-B9D0-45CF-8DA8-61BB7F612180}.Release|Any CPU.Build.0 = Release|Any CPU
	EndGlobalSection
	GlobalSection(SolutionProperties) = preSolution
		HideSolutionNode = FALSE
	EndGlobalSection
	GlobalSection(ExtensibilityGlobals) = postSolution
		SolutionGuid = {6C70855B-8146-4E85-AE85-2D00266B9DD4}
	EndGlobalSection
EndGlobal
